<?xml version="1.0" encoding="utf-8"?>
<OpenIOC xmlns:xsd="http://www.w3.org/2001/XMLSchema" xmlns:xsi="http://www.w3.org/2001/XMLSchema-instance" id="3741a3c9-7540-4092-b2c1-2242bd03775d" last-modified="2013-07-27T23:21:53Z" published-date="0001-01-01T00:00:00" xmlns="http://openioc.org/schemas/OpenIOC_1.1">
  <metadata>
    <short_description>EntryPointExample2</short_description>
    <authored_date>2013-07-27T23:21:06Z</authored_date>
    <links />
  </metadata>
  <criteria>
    <Indicator operator="OR" id="1e11b547-6a82-4d4c-8dc6-6cf46f81c5f0">
      <IndicatorItem id="6ec90bce-9007-4c17-82f2-fc7195d3c8f2" condition="contains" preserve-case="false" negate="false">
        <Context document="Yara" search="Yara/HexString" type="yara" />
        <Content type="string">9C 50 66 A1 ?? ?? ?? 00 66 A9 ?? ?? 58 0F 85</Content>
      </IndicatorItem>
    </Indicator>
  </criteria>
  <parameters>
    <param ref-id="6ec90bce-9007-4c17-82f2-fc7195d3c8f2" id="93ea0696-58ee-467e-affe-8e0e3bf0e187" name="yara/offset/in">
      <value type="">(entrypoint..entrypoint + 10)</value>
    </param>
  </parameters>
</OpenIOC>